
Microsoft Visual Studio Solution File, Format Version 10.00
# Visual Studio 2008
Project("{8BC9CEB8-8B4A-11D0-8D11-00A0C91BC942}") = "3.08 Tutorial crear ObjetoTreeView", "3.08 Tutorial crear ObjetoTreeView.vcproj", "{BED5811A-8D7C-47E1-8A9A-4736A8198F21}"
EndProject
Global
	GlobalSection(SolutionConfigurationPlatforms) = preSolution
		Debug|Win32 = Debug|Win32
		Release|Win32 = Release|Win32
	EndGlobalSection
	GlobalSection(ProjectConfigurationPlatforms) = postSolution
		{BED5811A-8D7C-47E1-8A9A-4736A8198F21}.Debug|Win32.ActiveCfg = Debug|Win32
		{BED5811A-8D7C-47E1-8A9A-4736A8198F21}.Debug|Win32.Build.0 = Debug|Win32
		{BED5811A-8D7C-47E1-8A9A-4736A8198F21}.Release|Win32.ActiveCfg = Release|Win32
		{BED5811A-8D7C-47E1-8A9A-4736A8198F21}.Release|Win32.Build.0 = Release|Win32
	EndGlobalSection
	GlobalSection(SolutionProperties) = preSolution
		HideSolutionNode = FALSE
	EndGlobalSection
EndGlobal
