
Microsoft Visual Studio Solution File, Format Version 10.00
# Visual Studio 2008
Project("{8BC9CEB8-8B4A-11D0-8D11-00A0C91BC942}") = "3.06 Tutorial crear ObjetoProgressBar", "3.06 Tutorial crear ObjetoProgressBar.vcproj", "{80A250C1-1C6E-4F4B-A5E8-0FE774D22621}"
EndProject
Global
	GlobalSection(SolutionConfigurationPlatforms) = preSolution
		Debug|Win32 = Debug|Win32
		Release|Win32 = Release|Win32
	EndGlobalSection
	GlobalSection(ProjectConfigurationPlatforms) = postSolution
		{80A250C1-1C6E-4F4B-A5E8-0FE774D22621}.Debug|Win32.ActiveCfg = Debug|Win32
		{80A250C1-1C6E-4F4B-A5E8-0FE774D22621}.Debug|Win32.Build.0 = Debug|Win32
		{80A250C1-1C6E-4F4B-A5E8-0FE774D22621}.Release|Win32.ActiveCfg = Release|Win32
		{80A250C1-1C6E-4F4B-A5E8-0FE774D22621}.Release|Win32.Build.0 = Release|Win32
	EndGlobalSection
	GlobalSection(SolutionProperties) = preSolution
		HideSolutionNode = FALSE
	EndGlobalSection
EndGlobal
